
Microsoft Visual Studio Solution File, Format Version 12.00
# Visual Studio Version 16
VisualStudioVersion = 16.0.28803.202
MinimumVisualStudioVersion = 10.0.40219.1
Project("{FAE04EC0-301F-11D3-BF4B-00C04F79EFBC}") = "ike_bot", "ike_bot\ike_bot.csproj", "{07498479-55B1-4E55-A431-C9FF37AF6D3F}"
EndProject
Global
	GlobalSection(SolutionConfigurationPlatforms) = preSolution
		Debug|Any CPU = Debug|Any CPU
		Release|Any CPU = Release|Any CPU
	EndGlobalSection
	GlobalSection(ProjectConfigurationPlatforms) = postSolution
		{07498479-55B1-4E55-A431-C9FF37AF6D3F}.Debug|Any CPU.ActiveCfg = Debug|Any CPU
		{07498479-55B1-4E55-A431-C9FF37AF6D3F}.Debug|Any CPU.Build.0 = Debug|Any CPU
		{07498479-55B1-4E55-A431-C9FF37AF6D3F}.Release|Any CPU.ActiveCfg = Release|Any CPU
		{07498479-55B1-4E55-A431-C9FF37AF6D3F}.Release|Any CPU.Build.0 = Release|Any CPU
	EndGlobalSection
	GlobalSection(SolutionProperties) = preSolution
		HideSolutionNode = FALSE
	EndGlobalSection
	GlobalSection(ExtensibilityGlobals) = postSolution
		SolutionGuid = {3BA0E5AB-B7BB-4347-8551-1B5C56F538C9}
	EndGlobalSection
EndGlobal
